
Microsoft Visual Studio Solution File, Format Version 12.00
# Visual Studio Version 16
VisualStudioVersion = 16.0.30225.117
MinimumVisualStudioVersion = 10.0.40219.1
Project("{FAE04EC0-301F-11D3-BF4B-00C04F79EFBC}") = "NetCoreOptionSample", "NetCoreOptionSample.csproj", "{932CC621-FC13-4202-ADD8-051C71E1E195}"
EndProject
Global
	GlobalSection(SolutionConfigurationPlatforms) = preSolution
		Debug|Any CPU = Debug|Any CPU
		Release|Any CPU = Release|Any CPU
	EndGlobalSection
	GlobalSection(ProjectConfigurationPlatforms) = postSolution
		{932CC621-FC13-4202-ADD8-051C71E1E195}.Debug|Any CPU.ActiveCfg = Debug|Any CPU
		{932CC621-FC13-4202-ADD8-051C71E1E195}.Debug|Any CPU.Build.0 = Debug|Any CPU
		{932CC621-FC13-4202-ADD8-051C71E1E195}.Release|Any CPU.ActiveCfg = Release|Any CPU
		{932CC621-FC13-4202-ADD8-051C71E1E195}.Release|Any CPU.Build.0 = Release|Any CPU
	EndGlobalSection
	GlobalSection(SolutionProperties) = preSolution
		HideSolutionNode = FALSE
	EndGlobalSection
	GlobalSection(ExtensibilityGlobals) = postSolution
		SolutionGuid = {62D8EB40-D2A8-4D05-96DF-770897E5DC25}
	EndGlobalSection
EndGlobal
